
Microsoft Visual Studio Solution File, Format Version 12.00
# Visual Studio Version 17
VisualStudioVersion = 17.14.37012.4 d17.14
MinimumVisualStudioVersion = 10.0.40219.1
Project("{FAE04EC0-301F-11D3-BF4B-00C04F79EFBC}") = "1131405_BMI", "1131405_BMI\1131405_BMI.csproj", "{AE01E726-A550-4ABC-A58B-6782D283F8ED}"
EndProject
Global
	GlobalSection(SolutionConfigurationPlatforms) = preSolution
		Debug|Any CPU = Debug|Any CPU
		Release|Any CPU = Release|Any CPU
	EndGlobalSection
	GlobalSection(ProjectConfigurationPlatforms) = postSolution
		{AE01E726-A550-4ABC-A58B-6782D283F8ED}.Debug|Any CPU.ActiveCfg = Debug|Any CPU
		{AE01E726-A550-4ABC-A58B-6782D283F8ED}.Debug|Any CPU.Build.0 = Debug|Any CPU
		{AE01E726-A550-4ABC-A58B-6782D283F8ED}.Release|Any CPU.ActiveCfg = Release|Any CPU
		{AE01E726-A550-4ABC-A58B-6782D283F8ED}.Release|Any CPU.Build.0 = Release|Any CPU
	EndGlobalSection
	GlobalSection(SolutionProperties) = preSolution
		HideSolutionNode = FALSE
	EndGlobalSection
	GlobalSection(ExtensibilityGlobals) = postSolution
		SolutionGuid = {E6920EFC-B83A-4FE0-847E-BE16441F729A}
	EndGlobalSection
EndGlobal
